
Microsoft Visual Studio Solution File, Format Version 10.00
# Visual Studio 2008
Project("{8BC9CEB8-8B4A-11D0-8D11-00A0C91BC942}") = "snifferlib", "snifferlib\snifferlib.vcproj", "{08A56197-9867-4572-AC40-11F231508E29}"
EndProject
Project("{8BC9CEB8-8B4A-11D0-8D11-00A0C91BC942}") = "mainprocess", "mainprocess\mainprocess.vcproj", "{2DAF979A-6766-493E-8E87-2E26B725E234}"
	ProjectSection(ProjectDependencies) = postProject
		{08A56197-9867-4572-AC40-11F231508E29} = {08A56197-9867-4572-AC40-11F231508E29}
	EndProjectSection
EndProject
Global
	GlobalSection(SolutionConfigurationPlatforms) = preSolution
		Debug|Win32 = Debug|Win32
		Release|Win32 = Release|Win32
	EndGlobalSection
	GlobalSection(ProjectConfigurationPlatforms) = postSolution
		{08A56197-9867-4572-AC40-11F231508E29}.Debug|Win32.ActiveCfg = Debug|Win32
		{08A56197-9867-4572-AC40-11F231508E29}.Debug|Win32.Build.0 = Debug|Win32
		{08A56197-9867-4572-AC40-11F231508E29}.Release|Win32.ActiveCfg = Release|Win32
		{08A56197-9867-4572-AC40-11F231508E29}.Release|Win32.Build.0 = Release|Win32
		{2DAF979A-6766-493E-8E87-2E26B725E234}.Debug|Win32.ActiveCfg = Debug|Win32
		{2DAF979A-6766-493E-8E87-2E26B725E234}.Debug|Win32.Build.0 = Debug|Win32
		{2DAF979A-6766-493E-8E87-2E26B725E234}.Release|Win32.ActiveCfg = Release|Win32
		{2DAF979A-6766-493E-8E87-2E26B725E234}.Release|Win32.Build.0 = Release|Win32
	EndGlobalSection
	GlobalSection(SolutionProperties) = preSolution
		HideSolutionNode = FALSE
	EndGlobalSection
EndGlobal
